// !$*UTF8*$!
{
	archiveVersion = 1;
	classes = {
	};
	objectVersion = 46;
	objects = {

/* Begin PBXBuildFile section */
		55FAFCA51B40291500057938 /* main.m in Sources */ = {isa = PBXBuildFile; fileRef = 55FAFCA41B40291500057938 /* main.m */; };
		55FAFCA81B40291500057938 /* AppDelegate.m in Sources */ = {isa = PBXBuildFile; fileRef = 55FAFCA71B40291500057938 /* AppDelegate.m */; };
		55FAFCAB1B40291500057938 /* ViewController.m in Sources */ = {isa = PBXBuildFile; fileRef = 55FAFCAA1B40291500057938 /* ViewController.m */; };
		55FAFCAE1B40291500057938 /* Main.storyboard in Resources */ = {isa = PBXBuildFile; fileRef = 55FAFCAC1B40291500057938 /* Main.storyboard */; };
		55FAFCB01B40291500057938 /* Images.xcassets in Resources */ = {isa = PBXBuildFile; fileRef = 55FAFCAF1B40291500057938 /* Images.xcassets */; };
		55FAFCB31B40291500057938 /* LaunchScreen.xib in Resources */ = {isa = PBXBuildFile; fileRef = 55FAFCB11B40291500057938 /* LaunchScreen.xib */; };
		55FAFCBF1B40291500057938 /* ExampleTests.m in Sources */ = {isa = PBXBuildFile; fileRef = 55FAFCBE1B40291500057938 /* ExampleTests.m */; };
		55FAFCCB1B402A8B00057938 /* UIImage+ATWatermark.m in Sources */ = {isa = PBXBuildFile; fileRef = 55FAFCCA1B402A8B00057938 /* UIImage+ATWatermark.m */; };
/* End PBXBuildFile section */

/* Begin PBXContainerItemProxy section */
		55FAFCB91B40291500057938 /* PBXContainerItemProxy */ = {
			isa = PBXContainerItemProxy;
			containerPortal = 55FAFC971B40291500057938 /* Project object */;
			proxyType = 1;
			remoteGlobalIDString = 55FAFC9E1B40291500057938;
			remoteInfo = Example;
		};
/* End PBXContainerItemProxy section */

/* Begin PBXFileReference section */
		55FAFC9F1B40291500057938 /* Example.app */ = {isa = PBXFileReference; explicitFileType = wrapper.application; includeInIndex = 0; path = Example.app; sourceTree = BUILT_PRODUCTS_DIR; };
		55FAFCA31B40291500057938 /* Info.plist */ = {isa = PBXFileReference; lastKnownFileType = text.plist.xml; path = Info.plist; sourceTree = "<group>"; };
		55FAFCA41B40291500057938 /* main.m */ = {isa = PBXFileReference; lastKnownFileType = sourcecode.c.objc; path = main.m; sourceTree = "<group>"; };
		55FAFCA61B40291500057938 /* AppDelegate.h */ = {isa = PBXFileReference; lastKnownFileType = sourcecode.c.h; path = AppDelegate.h; sourceTree = "<group>"; };
		55FAFCA71B40291500057938 /* AppDelegate.m */ = {isa = PBXFileReference; lastKnownFileType = sourcecode.c.objc; path = AppDelegate.m; sourceTree = "<group>"; };
		55FAFCA91B40291500057938 /* ViewController.h */ = {isa = PBXFileReference; lastKnownFileType = sourcecode.c.h; path = ViewController.h; sourceTree = "<group>"; };
		55FAFCAA1B40291500057938 /* ViewController.m */ = {isa = PBXFileReference; lastKnownFileType = sourcecode.c.objc; path = ViewController.m; sourceTree = "<group>"; };
		55FAFCAD1B40291500057938 /* Base */ = {isa = PBXFileReference; lastKnownFileType = file.storyboard; name = Base; path = Base.lproj/Main.storyboard; sourceTree = "<group>"; };
		55FAFCAF1B40291500057938 /* Images.xcassets */ = {isa = PBXFileReference; lastKnownFileType = folder.assetcatalog; path = Images.xcassets; sourceTree = "<group>"; };
		55FAFCB21B40291500057938 /* Base */ = {isa = PBXFileReference; lastKnownFileType = file.xib; name = Base; path = Base.lproj/LaunchScreen.xib; sourceTree = "<group>"; };
		55FAFCB81B40291500057938 /* ExampleTests.xctest */ = {isa = PBXFileReference; explicitFileType = wrapper.cfbundle; includeInIndex = 0; path = ExampleTests.xctest; sourceTree = BUILT_PRODUCTS_DIR; };
		55FAFCBD1B40291500057938 /* Info.plist */ = {isa = PBXFileReference; lastKnownFileType = text.plist.xml; path = Info.plist; sourceTree = "<group>"; };
		55FAFCBE1B40291500057938 /* ExampleTests.m */ = {isa = PBXFileReference; lastKnownFileType = sourcecode.c.objc; path = ExampleTests.m; sourceTree = "<group>"; };
		55FAFCC91B402A8B00057938 /* UIImage+ATWatermark.h */ = {isa = PBXFileReference; fileEncoding = 4; lastKnownFileType = sourcecode.c.h; path = "UIImage+ATWatermark.h"; sourceTree = "<group>"; };
		55FAFCCA1B402A8B00057938 /* UIImage+ATWatermark.m */ = {isa = PBXFileReference; fileEncoding = 4; lastKnownFileType = sourcecode.c.objc; path = "UIImage+ATWatermark.m"; sourceTree = "<group>"; };
/* End PBXFileReference section */

/* Begin PBXFrameworksBuildPhase section */
		55FAFC9C1B40291500057938 /* Frameworks */ = {
			isa = PBXFrameworksBuildPhase;
			buildActionMask = 2147483647;
			files = (
			);
			runOnlyForDeploymentPostprocessing = 0;
		};
		55FAFCB51B40291500057938 /* Frameworks */ = {
			isa = PBXFrameworksBuildPhase;
			buildActionMask = 2147483647;
			files = (
			);
			runOnlyForDeploymentPostprocessing = 0;
		};
/* End PBXFrameworksBuildPhase section */

/* Begin PBXGroup section */
		55FAFC961B40291500057938 = {
			isa = PBXGroup;
			children = (
				55FAFCA11B40291500057938 /* Example */,
				55FAFCBB1B40291500057938 /* ExampleTests */,
				55FAFCA01B40291500057938 /* Products */,
			);
			sourceTree = "<group>";
		};
		55FAFCA01B40291500057938 /* Products */ = {
			isa = PBXGroup;
			children = (
				55FAFC9F1B40291500057938 /* Example.app */,
				55FAFCB81B40291500057938 /* ExampleTests.xctest */,
			);
			name = Products;
			sourceTree = "<group>";
		};
		55FAFCA11B40291500057938 /* Example */ = {
			isa = PBXGroup;
			children = (
				55FAFCC81B402A8B00057938 /* UIImage+ATWatermark */,
				55FAFCA61B40291500057938 /* AppDelegate.h */,
				55FAFCA71B40291500057938 /* AppDelegate.m */,
				55FAFCA91B40291500057938 /* ViewController.h */,
				55FAFCAA1B40291500057938 /* ViewController.m */,
				55FAFCAC1B40291500057938 /* Main.storyboard */,
				55FAFCAF1B40291500057938 /* Images.xcassets */,
				55FAFCB11B40291500057938 /* LaunchScreen.xib */,
				55FAFCA21B40291500057938 /* Supporting Files */,
			);
			path = Example;
			sourceTree = "<group>";
		};
		55FAFCA21B40291500057938 /* Supporting Files */ = {
			isa = PBXGroup;
			children = (
				55FAFCA31B40291500057938 /* Info.plist */,
				55FAFCA41B40291500057938 /* main.m */,
			);
			name = "Supporting Files";
			sourceTree = "<group>";
		};
		55FAFCBB1B40291500057938 /* ExampleTests */ = {
			isa = PBXGroup;
			children = (
				55FAFCBE1B40291500057938 /* ExampleTests.m */,
				55FAFCBC1B40291500057938 /* Supporting Files */,
			);
			path = ExampleTests;
			sourceTree = "<group>";
		};
		55FAFCBC1B40291500057938 /* Supporting Files */ = {
			isa = PBXGroup;
			children = (
				55FAFCBD1B40291500057938 /* Info.plist */,
			);
			name = "Supporting Files";
			sourceTree = "<group>";
		};
		55FAFCC81B402A8B00057938 /* UIImage+ATWatermark */ = {
			isa = PBXGroup;
			children = (
				55FAFCC91B402A8B00057938 /* UIImage+ATWatermark.h */,
				55FAFCCA1B402A8B00057938 /* UIImage+ATWatermark.m */,
			);
			path = "UIImage+ATWatermark";
			sourceTree = "<group>";
		};
/* End PBXGroup section */

/* Begin PBXNativeTarget section */
		55FAFC9E1B40291500057938 /* Example */ = {
			isa = PBXNativeTarget;
			buildConfigurationList = 55FAFCC21B40291500057938 /* Build configuration list for PBXNativeTarget "Example" */;
			buildPhases = (
				55FAFC9B1B40291500057938 /* Sources */,
				55FAFC9C1B40291500057938 /* Frameworks */,
				55FAFC9D1B40291500057938 /* Resources */,
			);
			buildRules = (
			);
			dependencies = (
			);
			name = Example;
			productName = Example;
			productReference = 55FAFC9F1B40291500057938 /* Example.app */;
			productType = "com.apple.product-type.application";
		};
		55FAFCB71B40291500057938 /* ExampleTests */ = {
			isa = PBXNativeTarget;
			buildConfigurationList = 55FAFCC51B40291500057938 /* Build configuration list for PBXNativeTarget "ExampleTests" */;
			buildPhases = (
				55FAFCB41B40291500057938 /* Sources */,
				55FAFCB51B40291500057938 /* Frameworks */,
				55FAFCB61B40291500057938 /* Resources */,
			);
			buildRules = (
			);
			dependencies = (
				55FAFCBA1B40291500057938 /* PBXTargetDependency */,
			);
			name = ExampleTests;
			productName = ExampleTests;
			productReference = 55FAFCB81B40291500057938 /* ExampleTests.xctest */;
			productType = "com.apple.product-type.bundle.unit-test";
		};
/* End PBXNativeTarget section */

/* Begin PBXProject section */
		55FAFC971B40291500057938 /* Project object */ = {
			isa = PBXProject;
			attributes = {
				LastUpgradeCheck = 0630;
				ORGANIZATIONNAME = AT;
				TargetAttributes = {
					55FAFC9E1B40291500057938 = {
						CreatedOnToolsVersion = 6.3.2;
					};
					55FAFCB71B40291500057938 = {
						CreatedOnToolsVersion = 6.3.2;
						TestTargetID = 55FAFC9E1B40291500057938;
					};
				};
			};
			buildConfigurationList = 55FAFC9A1B40291500057938 /* Build configuration list for PBXProject "Example" */;
			compatibilityVersion = "Xcode 3.2";
			developmentRegion = English;
			hasScannedForEncodings = 0;
			knownRegions = (
				en,
				Base,
			);
			mainGroup = 55FAFC961B40291500057938;
			productRefGroup = 55FAFCA01B40291500057938 /* Products */;
			projectDirPath = "";
			projectRoot = "";
			targets = (
				55FAFC9E1B40291500057938 /* Example */,
				55FAFCB71B40291500057938 /* ExampleTests */,
			);
		};
/* End PBXProject section */

/* Begin PBXResourcesBuildPhase section */
		55FAFC9D1B40291500057938 /* Resources */ = {
			isa = PBXResourcesBuildPhase;
			buildActionMask = 2147483647;
			files = (
				55FAFCAE1B40291500057938 /* Main.storyboard in Resources */,
				55FAFCB31B40291500057938 /* LaunchScreen.xib in Resources */,
				55FAFCB01B40291500057938 /* Images.xcassets in Resources */,
			);
			runOnlyForDeploymentPostprocessing = 0;
		};
		55FAFCB61B40291500057938 /* Resources */ = {
			isa = PBXResourcesBuildPhase;
			buildActionMask = 2147483647;
			files = (
			);
			runOnlyForDeploymentPostprocessing = 0;
		};
/* End PBXResourcesBuildPhase section */

/* Begin PBXSourcesBuildPhase section */
		55FAFC9B1B40291500057938 /* Sources */ = {
			isa = PBXSourcesBuildPhase;
			buildActionMask = 2147483647;
			files = (
				55FAFCAB1B40291500057938 /* ViewController.m in Sources */,
				55FAFCA81B40291500057938 /* AppDelegate.m in Sources */,
				55FAFCA51B40291500057938 /* main.m in Sources */,
				55FAFCCB1B402A8B00057938 /* UIImage+ATWatermark.m in Sources */,
			);
			runOnlyForDeploymentPostprocessing = 0;
		};
		55FAFCB41B40291500057938 /* Sources */ = {
			isa = PBXSourcesBuildPhase;
			buildActionMask = 2147483647;
			files = (
				55FAFCBF1B40291500057938 /* ExampleTests.m in Sources */,
			);
			runOnlyForDeploymentPostprocessing = 0;
		};
/* End PBXSourcesBuildPhase section */

/* Begin PBXTargetDependency section */
		55FAFCBA1B40291500057938 /* PBXTargetDependency */ = {
			isa = PBXTargetDependency;
			target = 55FAFC9E1B40291500057938 /* Example */;
			targetProxy = 55FAFCB91B40291500057938 /* PBXContainerItemProxy */;
		};
/* End PBXTargetDependency section */

/* Begin PBXVariantGroup section */
		55FAFCAC1B40291500057938 /* Main.storyboard */ = {
			isa = PBXVariantGroup;
			children = (
				55FAFCAD1B40291500057938 /* Base */,
			);
			name = Main.storyboard;
			sourceTree = "<group>";
		};
		55FAFCB11B40291500057938 /* LaunchScreen.xib */ = {
			isa = PBXVariantGroup;
			children = (
				55FAFCB21B40291500057938 /* Base */,
			);
			name = LaunchScreen.xib;
			sourceTree = "<group>";
		};
/* End PBXVariantGroup section */

/* Begin XCBuildConfiguration section */
		55FAFCC01B40291500057938 /* Debug */ = {
			isa = XCBuildConfiguration;
			buildSettings = {
				ALWAYS_SEARCH_USER_PATHS = NO;
				CLANG_CXX_LANGUAGE_STANDARD = "gnu++0x";
				CLANG_CXX_LIBRARY = "libc++";
				CLANG_ENABLE_MODULES = YES;
				CLANG_ENABLE_OBJC_ARC = YES;
				CLANG_WARN_BOOL_CONVERSION = YES;
				CLANG_WARN_CONSTANT_CONVERSION = YES;
				CLANG_WARN_DIRECT_OBJC_ISA_USAGE = YES_ERROR;
				CLANG_WARN_EMPTY_BODY = YES;
				CLANG_WARN_ENUM_CONVERSION = YES;
				CLANG_WARN_INT_CONVERSION = YES;
				CLANG_WARN_OBJC_ROOT_CLASS = YES_ERROR;
				CLANG_WARN_UNREACHABLE_CODE = YES;
				CLANG_WARN__DUPLICATE_METHOD_MATCH = YES;
				"CODE_SIGN_IDENTITY[sdk=iphoneos*]" = "iPhone Developer";
				COPY_PHASE_STRIP = NO;
				DEBUG_INFORMATION_FORMAT = "dwarf-with-dsym";
				ENABLE_STRICT_OBJC_MSGSEND = YES;
				GCC_C_LANGUAGE_STANDARD = gnu99;
				GCC_DYNAMIC_NO_PIC = NO;
				GCC_NO_COMMON_BLOCKS = YES;
				GCC_OPTIMIZATION_LEVEL = 0;
				GCC_PREPROCESSOR_DEFINITIONS = (
					"DEBUG=1",
					"$(inherited)",
				);
				GCC_SYMBOLS_PRIVATE_EXTERN = NO;
				GCC_WARN_64_TO_32_BIT_CONVERSION = YES;
				GCC_WARN_ABOUT_RETURN_TYPE = YES_ERROR;
				GCC_WARN_UNDECLARED_SELECTOR = YES;
				GCC_WARN_UNINITIALIZED_AUTOS = YES_AGGRESSIVE;
				GCC_WARN_UNUSED_FUNCTION = YES;
				GCC_WARN_UNUSED_VARIABLE = YES;
				IPHONEOS_DEPLOYMENT_TARGET = 8.3;
				MTL_ENABLE_DEBUG_INFO = YES;
				ONLY_ACTIVE_ARCH = YES;
				SDKROOT = iphoneos;
			};
			name = Debug;
		};
		55FAFCC11B40291500057938 /* Release */ = {
			isa = XCBuildConfiguration;
			buildSettings = {
				ALWAYS_SEARCH_USER_PATHS = NO;
				CLANG_CXX_LANGUAGE_STANDARD = "gnu++0x";
				CLANG_CXX_LIBRARY = "libc++";
				CLANG_ENABLE_MODULES = YES;
				CLANG_ENABLE_OBJC_ARC = YES;
				CLANG_WARN_BOOL_CONVERSION = YES;
				CLANG_WARN_CONSTANT_CONVERSION = YES;
				CLANG_WARN_DIRECT_OBJC_ISA_USAGE = YES_ERROR;
				CLANG_WARN_EMPTY_BODY = YES;
				CLANG_WARN_ENUM_CONVERSION = YES;
				CLANG_WARN_INT_CONVERSION = YES;
				CLANG_WARN_OBJC_ROOT_CLASS = YES_ERROR;
				CLANG_WARN_UNREACHABLE_CODE = YES;
				CLANG_WARN__DUPLICATE_METHOD_MATCH = YES;
				"CODE_SIGN_IDENTITY[sdk=iphoneos*]" = "iPhone Developer";
				COPY_PHASE_STRIP = NO;
				DEBUG_INFORMATION_FORMAT = "dwarf-with-dsym";
				ENABLE_NS_ASSERTIONS = NO;
				ENABLE_STRICT_OBJC_MSGSEND = YES;
				GCC_C_LANGUAGE_STANDARD = gnu99;
				GCC_NO_COMMON_BLOCKS = YES;
				GCC_WARN_64_TO_32_BIT_CONVERSION = YES;
				GCC_WARN_ABOUT_RETURN_TYPE = YES_ERROR;
				GCC_WARN_UNDECLARED_SELECTOR = YES;
				GCC_WARN_UNINITIALIZED_AUTOS = YES_AGGRESSIVE;
				GCC_WARN_UNUSED_FUNCTION = YES;
				GCC_WARN_UNUSED_VARIABLE = YES;
				IPHONEOS_DEPLOYMENT_TARGET = 8.3;
				MTL_ENABLE_DEBUG_INFO = NO;
				SDKROOT = iphoneos;
				VALIDATE_PRODUCT = YES;
			};
			name = Release;
		};
		55FAFCC31B40291500057938 /* Debug */ = {
			isa = XCBuildConfiguration;
			buildSettings = {
				ASSETCATALOG_COMPILER_APPICON_NAME = AppIcon;
				INFOPLIST_FILE = Example/Info.plist;
				LD_RUNPATH_SEARCH_PATHS = "$(inherited) @executable_path/Frameworks";
				PRODUCT_NAME = "$(TARGET_NAME)";
			};
			name = Debug;
		};
		55FAFCC41B40291500057938 /* Release */ = {
			isa = XCBuildConfiguration;
			buildSettings = {
				ASSETCATALOG_COMPILER_APPICON_NAME = AppIcon;
				INFOPLIST_FILE = Example/Info.plist;
				LD_RUNPATH_SEARCH_PATHS = "$(inherited) @executable_path/Frameworks";
				PRODUCT_NAME = "$(TARGET_NAME)";
			};
			name = Release;
		};
		55FAFCC61B40291500057938 /* Debug */ = {
			isa = XCBuildConfiguration;
			buildSettings = {
				BUNDLE_LOADER = "$(TEST_HOST)";
				FRAMEWORK_SEARCH_PATHS = (
					"$(SDKROOT)/Developer/Library/Frameworks",
					"$(inherited)",
				);
				GCC_PREPROCESSOR_DEFINITIONS = (
					"DEBUG=1",
					"$(inherited)",
				);
				INFOPLIST_FILE = ExampleTests/Info.plist;
				LD_RUNPATH_SEARCH_PATHS = "$(inherited) @executable_path/Frameworks @loader_path/Frameworks";
				PRODUCT_NAME = "$(TARGET_NAME)";
				TEST_HOST = "$(BUILT_PRODUCTS_DIR)/Example.app/Example";
			};
			name = Debug;
		};
		55FAFCC71B40291500057938 /* Release */ = {
			isa = XCBuildConfiguration;
			buildSettings = {
				BUNDLE_LOADER = "$(TEST_HOST)";
				FRAMEWORK_SEARCH_PATHS = (
					"$(SDKROOT)/Developer/Library/Frameworks",
					"$(inherited)",
				);
				INFOPLIST_FILE = ExampleTests/Info.plist;
				LD_RUNPATH_SEARCH_PATHS = "$(inherited) @executable_path/Frameworks @loader_path/Frameworks";
				PRODUCT_NAME = "$(TARGET_NAME)";
				TEST_HOST = "$(BUILT_PRODUCTS_DIR)/Example.app/Example";
			};
			name = Release;
		};
/* End XCBuildConfiguration section */

/* Begin XCConfigurationList section */
		55FAFC9A1B40291500057938 /* Build configuration list for PBXProject "Example" */ = {
			isa = XCConfigurationList;
			buildConfigurations = (
				55FAFCC01B40291500057938 /* Debug */,
				55FAFCC11B40291500057938 /* Release */,
			);
			defaultConfigurationIsVisible = 0;
			defaultConfigurationName = Release;
		};
		55FAFCC21B40291500057938 /* Build configuration list for PBXNativeTarget "Example" */ = {
			isa = XCConfigurationList;
			buildConfigurations = (
				55FAFCC31B40291500057938 /* Debug */,
				55FAFCC41B40291500057938 /* Release */,
			);
			defaultConfigurationIsVisible = 0;
		};
		55FAFCC51B40291500057938 /* Build configuration list for PBXNativeTarget "ExampleTests" */ = {
			isa = XCConfigurationList;
			buildConfigurations = (
				55FAFCC61B40291500057938 /* Debug */,
				55FAFCC71B40291500057938 /* Release */,
			);
			defaultConfigurationIsVisible = 0;
		};
/* End XCConfigurationList section */
	};
	rootObject = 55FAFC971B40291500057938 /* Project object */;
}
